
Microsoft Visual Studio Solution File, Format Version 12.00
# Visual Studio Version 16
VisualStudioVersion = 16.0.33214.272
MinimumVisualStudioVersion = 10.0.40219.1
Project("{FAE04EC0-301F-11D3-BF4B-00C04F79EFBC}") = "ConsoleApp12practice", "ConsoleApp12practice\ConsoleApp12practice.csproj", "{650A25B2-DC43-4B54-9BC1-6A74CAF418AE}"
EndProject
Global
	GlobalSection(SolutionConfigurationPlatforms) = preSolution
		Debug|Any CPU = Debug|Any CPU
		Release|Any CPU = Release|Any CPU
	EndGlobalSection
	GlobalSection(ProjectConfigurationPlatforms) = postSolution
		{650A25B2-DC43-4B54-9BC1-6A74CAF418AE}.Debug|Any CPU.ActiveCfg = Debug|Any CPU
		{650A25B2-DC43-4B54-9BC1-6A74CAF418AE}.Debug|Any CPU.Build.0 = Debug|Any CPU
		{650A25B2-DC43-4B54-9BC1-6A74CAF418AE}.Release|Any CPU.ActiveCfg = Release|Any CPU
		{650A25B2-DC43-4B54-9BC1-6A74CAF418AE}.Release|Any CPU.Build.0 = Release|Any CPU
	EndGlobalSection
	GlobalSection(SolutionProperties) = preSolution
		HideSolutionNode = FALSE
	EndGlobalSection
	GlobalSection(ExtensibilityGlobals) = postSolution
		SolutionGuid = {B50DF852-A4ED-4C62-87AF-E4E01AC7C14C}
	EndGlobalSection
EndGlobal
